
Microsoft Visual Studio Solution File, Format Version 12.00
# Visual Studio 15
VisualStudioVersion = 15.0.26430.14
MinimumVisualStudioVersion = 10.0.40219.1
Project("{FAE04EC0-301F-11D3-BF4B-00C04F79EFBC}") = "Chrysanthemum", "Chrysanthemum\Chrysanthemum.csproj", "{6CC576D1-27CC-43D5-8CF4-1E143FB32869}"
EndProject
Global
	GlobalSection(SolutionConfigurationPlatforms) = preSolution
		Debug|Any CPU = Debug|Any CPU
		Release|Any CPU = Release|Any CPU
	EndGlobalSection
	GlobalSection(ProjectConfigurationPlatforms) = postSolution
		{6CC576D1-27CC-43D5-8CF4-1E143FB32869}.Debug|Any CPU.ActiveCfg = Debug|Any CPU
		{6CC576D1-27CC-43D5-8CF4-1E143FB32869}.Debug|Any CPU.Build.0 = Debug|Any CPU
		{6CC576D1-27CC-43D5-8CF4-1E143FB32869}.Release|Any CPU.ActiveCfg = Release|Any CPU
		{6CC576D1-27CC-43D5-8CF4-1E143FB32869}.Release|Any CPU.Build.0 = Release|Any CPU
	EndGlobalSection
	GlobalSection(SolutionProperties) = preSolution
		HideSolutionNode = FALSE
	EndGlobalSection
	GlobalSection(TeamFoundationVersionControl) = preSolution
		SccNumberOfProjects = 2
		SccEnterpriseProvider = {4CA58AB2-18FA-4F8D-95D4-32DDF27D184C}
		SccTeamFoundationServer = https://junjiegighub.visualstudio.com/
		SccLocalPath0 = .
		SccProjectUniqueName1 = Chrysanthemum\\Chrysanthemum.csproj
		SccProjectName1 = Chrysanthemum
		SccLocalPath1 = Chrysanthemum
	EndGlobalSection
EndGlobal
